
Microsoft Visual Studio Solution File, Format Version 12.00
# Visual Studio Version 16
VisualStudioVersion = 16.0.31702.278
MinimumVisualStudioVersion = 10.0.40219.1
Project("{FAE04EC0-301F-11D3-BF4B-00C04F79EFBC}") = "TalionLanches", "TalionLanches.csproj", "{3A294554-16F5-40BD-92C8-F116204D13F3}"
EndProject
Global
	GlobalSection(SolutionConfigurationPlatforms) = preSolution
		Debug|Any CPU = Debug|Any CPU
		Release|Any CPU = Release|Any CPU
	EndGlobalSection
	GlobalSection(ProjectConfigurationPlatforms) = postSolution
		{3A294554-16F5-40BD-92C8-F116204D13F3}.Debug|Any CPU.ActiveCfg = Debug|Any CPU
		{3A294554-16F5-40BD-92C8-F116204D13F3}.Debug|Any CPU.Build.0 = Debug|Any CPU
		{3A294554-16F5-40BD-92C8-F116204D13F3}.Release|Any CPU.ActiveCfg = Release|Any CPU
		{3A294554-16F5-40BD-92C8-F116204D13F3}.Release|Any CPU.Build.0 = Release|Any CPU
	EndGlobalSection
	GlobalSection(SolutionProperties) = preSolution
		HideSolutionNode = FALSE
	EndGlobalSection
	GlobalSection(ExtensibilityGlobals) = postSolution
		SolutionGuid = {F651FF87-8A1A-4DD0-AAE9-8496EBC574D7}
	EndGlobalSection
EndGlobal
